uuid: bce3a79b-b290-45da-8c4e-e41f573c24df
langcode: en
status: true
dependencies:
  config:
    - field.storage.paragraph.field_contact_label
    - field.storage.profile.field_email
    - field.storage.profile.field_name
    - field.storage.profile.field_phone_number
    - paragraphs.paragraphs_type.contact
  module:
    - node
    - options
    - paragraphs
    - profile
    - telephone
    - user
id: sidebar_block
label: 'Sidebar Block'
module: views
description: ''
tag: ''
base_table: node_field_data
base_field: nid
display:
  default:
    id: default
    display_title: Default
    display_plugin: default
    position: 0
    display_options:
      title: 'Sidebar Block'
      fields:
        field_contact_label:
          id: field_contact_label
          table: paragraph__field_contact_label
          field: field_contact_label
          relationship: field_contact
          group_type: group
          admin_label: ''
          plugin_id: field
          label: ''
          exclude: true
          alter:
            alter_text: false
            text: ''
            make_link: false
            path: ''
            absolute: false
            external: false
            replace_spaces: false
            path_case: none
            trim_whitespace: false
            alt: ''
            rel: ''
            link_class: ''
            prefix: ''
            suffix: ''
            target: ''
            nl2br: false
            max_length: 0
            word_boundary: true
            ellipsis: true
            more_link: false
            more_link_text: ''
            more_link_path: ''
            strip_tags: false
            trim: false
            preserve_tags: ''
            html: false
          element_type: ''
          element_class: ''
          element_label_type: ''
          element_label_class: ''
          element_label_colon: false
          element_wrapper_type: ''
          element_wrapper_class: ''
          element_default_classes: true
          empty: ''
          hide_empty: false
          empty_zero: false
          hide_alter_empty: true
          click_sort_column: value
          type: list_default
          settings: {  }
          group_column: value
          group_columns: {  }
          group_rows: true
          delta_limit: 0
          delta_offset: 0
          delta_reversed: false
          delta_first_last: false
          multi_type: separator
          separator: ', '
          field_api_classes: false
        field_name:
          id: field_name
          table: profile__field_name
          field: field_name
          relationship: profile
          group_type: group
          admin_label: ''
          plugin_id: field
          label: ''
          exclude: false
          alter:
            alter_text: false
            text: ''
            make_link: false
            path: ''
            absolute: false
            external: false
            replace_spaces: false
            path_case: none
            trim_whitespace: false
            alt: ''
            rel: ''
            link_class: ''
            prefix: ''
            suffix: ''
            target: ''
            nl2br: false
            max_length: 0
            word_boundary: true
            ellipsis: true
            more_link: false
            more_link_text: ''
            more_link_path: ''
            strip_tags: false
            trim: false
            preserve_tags: ''
            html: false
          element_type: ''
          element_class: ''
          element_label_type: ''
          element_label_class: ''
          element_label_colon: false
          element_wrapper_type: ''
          element_wrapper_class: ''
          element_default_classes: false
          empty: ''
          hide_empty: false
          empty_zero: false
          hide_alter_empty: true
          click_sort_column: value
          type: string
          settings:
            link_to_entity: true
          group_column: value
          group_columns: {  }
          group_rows: true
          delta_limit: 0
          delta_offset: 0
          delta_reversed: false
          delta_first_last: false
          multi_type: separator
          separator: ', '
          field_api_classes: false
        field_email:
          id: field_email
          table: profile__field_email
          field: field_email
          relationship: profile
          group_type: group
          admin_label: ''
          plugin_id: field
          label: Email
          exclude: false
          alter:
            alter_text: false
            text: ''
            make_link: false
            path: ''
            absolute: false
            external: false
            replace_spaces: false
            path_case: none
            trim_whitespace: false
            alt: ''
            rel: ''
            link_class: ''
            prefix: ''
            suffix: ''
            target: ''
            nl2br: false
            max_length: 0
            word_boundary: true
            ellipsis: true
            more_link: false
            more_link_text: ''
            more_link_path: ''
            strip_tags: false
            trim: false
            preserve_tags: ''
            html: false
          element_type: '0'
          element_class: ''
          element_label_type: strong
          element_label_class: ''
          element_label_colon: true
          element_wrapper_type: p
          element_wrapper_class: ''
          element_default_classes: false
          empty: ''
          hide_empty: true
          empty_zero: false
          hide_alter_empty: true
          click_sort_column: value
          type: basic_string
          settings: {  }
          group_column: value
          group_columns: {  }
          group_rows: true
          delta_limit: 0
          delta_offset: 0
          delta_reversed: false
          delta_first_last: false
          multi_type: separator
          separator: ', '
          field_api_classes: false
        field_phone_number:
          id: field_phone_number
          table: profile__field_phone_number
          field: field_phone_number
          relationship: profile
          group_type: group
          admin_label: ''
          plugin_id: field
          label: Phone
          exclude: false
          alter:
            alter_text: false
            text: ''
            make_link: false
            path: ''
            absolute: false
            external: false
            replace_spaces: false
            path_case: none
            trim_whitespace: false
            alt: ''
            rel: ''
            link_class: ''
            prefix: ''
            suffix: ''
            target: ''
            nl2br: false
            max_length: 0
            word_boundary: true
            ellipsis: true
            more_link: false
            more_link_text: ''
            more_link_path: ''
            strip_tags: false
            trim: false
            preserve_tags: ''
            html: false
          element_type: '0'
          element_class: ''
          element_label_type: strong
          element_label_class: ''
          element_label_colon: true
          element_wrapper_type: p
          element_wrapper_class: ''
          element_default_classes: false
          empty: ''
          hide_empty: true
          empty_zero: false
          hide_alter_empty: true
          click_sort_column: value
          type: telephone_link
          settings:
            title: ''
          group_column: value
          group_columns: {  }
          group_rows: true
          delta_limit: 0
          delta_offset: 0
          delta_reversed: false
          delta_first_last: false
          multi_type: separator
          separator: ', '
          field_api_classes: false
      pager:
        type: none
        options:
          offset: 0
      exposed_form:
        type: basic
        options:
          submit_button: Apply
          reset_button: false
          reset_button_label: Reset
          exposed_sorts_label: 'Sort by'
          expose_sort_order: true
          sort_asc_label: Asc
          sort_desc_label: Desc
      access:
        type: perm
        options:
          perm: 'access content'
      cache:
        type: tag
        options: {  }
      empty: {  }
      sorts:
        field_contact_label_value:
          id: field_contact_label_value
          table: paragraph__field_contact_label
          field: field_contact_label_value
          relationship: field_contact
          group_type: group
          admin_label: ''
          plugin_id: standard
          order: ASC
          expose:
            label: ''
            field_identifier: ''
          exposed: false
        field_name_value:
          id: field_name_value
          table: profile__field_name
          field: field_name_value
          relationship: profile
          group_type: group
          admin_label: ''
          plugin_id: standard
          order: ASC
          expose:
            label: ''
            field_identifier: ''
          exposed: false
      arguments:
        nid:
          id: nid
          table: node_field_data
          field: nid
          entity_type: node
          entity_field: nid
          plugin_id: node_nid
      filters:
        status:
          id: status
          table: paragraphs_item_field_data
          field: status
          relationship: field_contact
          group_type: group
          admin_label: ''
          entity_type: paragraph
          entity_field: status
          plugin_id: boolean
          operator: '='
          value: '1'
          group: 1
          exposed: false
          expose:
            operator_id: ''
            label: ''
            description: ''
            use_operator: false
            operator: ''
            operator_limit_selection: false
            operator_list: {  }
            identifier: ''
            required: false
            remember: false
            multiple: false
            remember_roles:
              authenticated: authenticated
          is_grouped: false
          group_info:
            label: ''
            description: ''
            identifier: ''
            optional: true
            widget: select
            multiple: false
            remember: false
            default_group: All
            default_group_multiple: {  }
            group_items: {  }
        type:
          id: type
          table: paragraphs_item_field_data
          field: type
          relationship: field_contact
          group_type: group
          admin_label: ''
          entity_type: paragraph
          entity_field: type
          plugin_id: bundle
          operator: in
          value:
            contact: contact
          group: 1
          exposed: false
          expose:
            operator_id: ''
            label: ''
            description: ''
            use_operator: false
            operator: ''
            operator_limit_selection: false
            operator_list: {  }
            identifier: ''
            required: false
            remember: false
            multiple: false
            remember_roles:
              authenticated: authenticated
            reduce: false
          is_grouped: false
          group_info:
            label: ''
            description: ''
            identifier: ''
            optional: true
            widget: select
            multiple: false
            remember: false
            default_group: All
            default_group_multiple: {  }
            group_items: {  }
        status_1:
          id: status_1
          table: users_field_data
          field: status
          relationship: field_contact_user
          group_type: group
          admin_label: ''
          entity_type: user
          entity_field: status
          plugin_id: boolean
          operator: '='
          value: '1'
          group: 1
          exposed: false
          expose:
            operator_id: ''
            label: ''
            description: ''
            use_operator: false
            operator: ''
            operator_limit_selection: false
            operator_list: {  }
            identifier: ''
            required: false
            remember: false
            multiple: false
            remember_roles:
              authenticated: authenticated
          is_grouped: false
          group_info:
            label: ''
            description: ''
            identifier: ''
            optional: true
            widget: select
            multiple: false
            remember: false
            default_group: All
            default_group_multiple: {  }
            group_items: {  }
      filter_groups:
        operator: AND
        groups:
          1: AND
      style:
        type: default
        options:
          grouping:
            -
              field: field_contact_label
              rendered: true
              rendered_strip: false
          row_class: ''
          default_row_class: false
      row:
        type: fields
      query:
        type: views_query
        options:
          query_comment: ''
          disable_sql_rewrite: false
          distinct: false
          replica: false
          query_tags: {  }
      relationships:
        field_contact:
          id: field_contact
          table: node__field_contact
          field: field_contact
          relationship: none
          group_type: group
          admin_label: Contact
          plugin_id: standard
          required: true
        field_contact_user:
          id: field_contact_user
          table: paragraph__field_contact_user
          field: field_contact_user
          relationship: field_contact
          group_type: group
          admin_label: User
          plugin_id: standard
          required: true
        profile:
          id: profile
          table: users_field_data
          field: profile
          relationship: field_contact_user
          group_type: group
          admin_label: Profile
          entity_type: user
          plugin_id: standard
          required: true
      header: {  }
      footer: {  }
      display_extenders: {  }
    cache_metadata:
      max-age: -1
      contexts:
        - 'languages:language_content'
        - 'languages:language_interface'
        - url
        - 'user.node_grants:view'
        - user.permissions
      tags:
        - 'config:field.storage.paragraph.field_contact_label'
        - 'config:field.storage.profile.field_email'
        - 'config:field.storage.profile.field_name'
        - 'config:field.storage.profile.field_phone_number'
  block_1:
    id: block_1
    display_title: Contact
    display_plugin: block
    position: 1
    display_options:
      display_description: 'Contact sidebar to appear beside content'
      display_extenders: {  }
      block_hide_empty: true
    cache_metadata:
      max-age: -1
      contexts:
        - 'languages:language_content'
        - 'languages:language_interface'
        - url
        - 'user.node_grants:view'
        - user.permissions
      tags:
        - 'config:field.storage.paragraph.field_contact_label'
        - 'config:field.storage.profile.field_email'
        - 'config:field.storage.profile.field_name'
        - 'config:field.storage.profile.field_phone_number'
